{
  "version": 4,
  "terraform_version": "1.3.6",
  "serial": 3,
  "lineage": "120dcb28-5c27-4788-81b0-3474cffb5940",
  "outputs": {
    "snowflake_database_name": {
      "value": "TF_DEMO_DB",
      "type": "string"
    },
    "snowflake_warehouse_name": {
      "value": "TF_DEMO_WH",
      "type": "string"
    }
  },
  "resources": [
    {
      "mode": "managed",
      "type": "snowflake_database",
      "name": "db",
      "provider": "provider[\"registry.terraform.io/snowflake-labs/snowflake\"]",
      "instances": [
        {
          "schema_version": 0,
          "attributes": {
            "comment": "",
            "data_retention_time_in_days": 1,
            "from_database": null,
            "from_replica": null,
            "from_share": null,
            "id": "TF_DEMO_DB",
            "is_transient": false,
            "name": "TF_DEMO_DB",
            "replication_configuration": [],
            "tag": []
          },
          "sensitive_attributes": [],
          "private": "bnVsbA=="
        }
      ]
    }
  ],
  "check_results": null
}
