{
  "version": 4,
  "terraform_version": "1.3.6",
  "serial": 14,
  "lineage": "120dcb28-5c27-4788-81b0-3474cffb5940",
  "outputs": {
    "snowflake_database_name": {
      "value": "TF_DEMO_DB",
      "type": "string"
    },
    "snowflake_schema_name": {
      "value": "TF_DEMO_SCHEMA",
      "type": "string"
    },
    "snowflake_service_role_name": {
      "value": "TF_DEMO_SVC_ROLE",
      "type": "string"
    },
    "snowflake_service_username": {
      "value": "tf_demo_user",
      "type": "string"
    },
    "snowflake_warehouse_name": {
      "value": "TF_DEMO_WH",
      "type": "string"
    }
  },
  "resources": [
    {
      "mode": "managed",
      "type": "snowflake_database",
      "name": "db",
      "provider": "provider[\"registry.terraform.io/snowflake-labs/snowflake\"]",
      "instances": [
        {
          "schema_version": 0,
          "attributes": {
            "comment": "",
            "data_retention_time_in_days": 1,
            "from_database": null,
            "from_replica": null,
            "from_share": null,
            "id": "TF_DEMO_DB",
            "is_transient": false,
            "name": "TF_DEMO_DB",
            "replication_configuration": [],
            "tag": []
          },
          "sensitive_attributes": [],
          "private": "bnVsbA=="
        }
      ]
    },
    {
      "mode": "managed",
      "type": "snowflake_database_grant",
      "name": "grant",
      "provider": "provider[\"registry.terraform.io/snowflake-labs/snowflake\"]",
      "instances": [
        {
          "schema_version": 0,
          "attributes": {
            "database_name": "TF_DEMO_DB",
            "enable_multiple_grants": false,
            "id": "TF_DEMO_DB|||USAGE|TF_DEMO_SVC_ROLE|false",
            "privilege": "USAGE",
            "roles": [
              "TF_DEMO_SVC_ROLE"
            ],
            "shares": [],
            "with_grant_option": false
          },
          "sensitive_attributes": [],
          "private": "bnVsbA==",
          "dependencies": [
            "snowflake_database.db",
            "snowflake_role.role"
          ]
        }
      ]
    },
    {
      "mode": "managed",
      "type": "snowflake_role",
      "name": "role",
      "provider": "provider[\"registry.terraform.io/snowflake-labs/snowflake\"]",
      "instances": [
        {
          "schema_version": 0,
          "attributes": {
            "comment": "",
            "id": "TF_DEMO_SVC_ROLE",
            "name": "TF_DEMO_SVC_ROLE",
            "tag": []
          },
          "sensitive_attributes": [],
          "private": "bnVsbA=="
        }
      ]
    },
    {
      "mode": "managed",
      "type": "snowflake_role_grants",
      "name": "grants",
      "provider": "provider[\"registry.terraform.io/snowflake-labs/snowflake\"]",
      "instances": [
        {
          "schema_version": 0,
          "attributes": {
            "enable_multiple_grants": false,
            "id": "TF_DEMO_SVC_ROLE|||||false",
            "role_name": "TF_DEMO_SVC_ROLE",
            "roles": [],
            "users": [
              "tf_demo_user"
            ]
          },
          "sensitive_attributes": [],
          "private": "bnVsbA==",
          "dependencies": [
            "snowflake_database.db",
            "snowflake_role.role",
            "snowflake_schema.schema",
            "snowflake_user.user",
            "snowflake_warehouse.wh"
          ]
        }
      ]
    },
    {
      "mode": "managed",
      "type": "snowflake_schema",
      "name": "schema",
      "provider": "provider[\"registry.terraform.io/snowflake-labs/snowflake\"]",
      "instances": [
        {
          "schema_version": 0,
          "attributes": {
            "comment": "",
            "data_retention_days": 1,
            "database": "TF_DEMO_DB",
            "id": "TF_DEMO_DB|TF_DEMO_SCHEMA",
            "is_managed": false,
            "is_transient": false,
            "name": "TF_DEMO_SCHEMA",
            "tag": []
          },
          "sensitive_attributes": [],
          "private": "bnVsbA==",
          "dependencies": [
            "snowflake_database.db"
          ]
        }
      ]
    },
    {
      "mode": "managed",
      "type": "snowflake_schema_grant",
      "name": "grant",
      "provider": "provider[\"registry.terraform.io/snowflake-labs/snowflake\"]",
      "instances": [
        {
          "schema_version": 0,
          "attributes": {
            "database_name": "TF_DEMO_DB",
            "enable_multiple_grants": false,
            "id": "TF_DEMO_DB|TF_DEMO_SCHEMA||USAGE|TF_DEMO_SVC_ROLE|false",
            "on_future": false,
            "privilege": "USAGE",
            "roles": [
              "TF_DEMO_SVC_ROLE"
            ],
            "schema_name": "TF_DEMO_SCHEMA",
            "shares": [],
            "with_grant_option": false
          },
          "sensitive_attributes": [],
          "private": "bnVsbA==",
          "dependencies": [
            "snowflake_database.db",
            "snowflake_role.role",
            "snowflake_schema.schema"
          ]
        }
      ]
    },
    {
      "mode": "managed",
      "type": "snowflake_user",
      "name": "user",
      "provider": "provider[\"registry.terraform.io/snowflake-labs/snowflake\"]",
      "instances": [
        {
          "schema_version": 0,
          "attributes": {
            "comment": "",
            "default_namespace": "TF_DEMO_DB.TF_DEMO_SCHEMA",
            "default_role": "TF_DEMO_SVC_ROLE",
            "default_secondary_roles": [],
            "default_warehouse": "TF_DEMO_WH",
            "disabled": false,
            "display_name": "tf_demo_user",
            "email": "",
            "first_name": "",
            "has_rsa_public_key": false,
            "id": "tf_demo_user",
            "last_name": "",
            "login_name": "TF_DEMO_USER",
            "must_change_password": null,
            "name": "tf_demo_user",
            "password": null,
            "rsa_public_key": null,
            "rsa_public_key_2": null,
            "tag": []
          },
          "sensitive_attributes": [],
          "private": "bnVsbA==",
          "dependencies": [
            "snowflake_database.db",
            "snowflake_role.role",
            "snowflake_schema.schema",
            "snowflake_warehouse.wh"
          ]
        }
      ]
    },
    {
      "mode": "managed",
      "type": "snowflake_warehouse",
      "name": "wh",
      "provider": "provider[\"registry.terraform.io/snowflake-labs/snowflake\"]",
      "instances": [
        {
          "schema_version": 0,
          "attributes": {
            "auto_resume": true,
            "auto_suspend": 60,
            "comment": "",
            "enable_query_acceleration": false,
            "id": "TF_DEMO_WH",
            "initially_suspended": null,
            "max_cluster_count": 0,
            "max_concurrency_level": 8,
            "min_cluster_count": 0,
            "name": "TF_DEMO_WH",
            "query_acceleration_max_scale_factor": 0,
            "resource_monitor": "null",
            "scaling_policy": "",
            "statement_queued_timeout_in_seconds": 0,
            "statement_timeout_in_seconds": 172800,
            "tag": [],
            "wait_for_provisioning": null,
            "warehouse_size": "X-Small",
            "warehouse_type": "STANDARD"
          },
          "sensitive_attributes": [],
          "private": "bnVsbA=="
        }
      ]
    },
    {
      "mode": "managed",
      "type": "snowflake_warehouse_grant",
      "name": "grant",
      "provider": "provider[\"registry.terraform.io/snowflake-labs/snowflake\"]",
      "instances": [
        {
          "schema_version": 0,
          "attributes": {
            "enable_multiple_grants": false,
            "id": "TF_DEMO_WH|||USAGE|TF_DEMO_SVC_ROLE|false",
            "privilege": "USAGE",
            "roles": [
              "TF_DEMO_SVC_ROLE"
            ],
            "warehouse_name": "TF_DEMO_WH",
            "with_grant_option": false
          },
          "sensitive_attributes": [],
          "private": "bnVsbA==",
          "dependencies": [
            "snowflake_role.role",
            "snowflake_warehouse.wh"
          ]
        }
      ]
    }
  ],
  "check_results": null
}
